
Microsoft Visual Studio Solution File, Format Version 12.00
# Visual Studio Version 17
VisualStudioVersion = 17.14.36518.9 d17.14
MinimumVisualStudioVersion = 10.0.40219.1
Project("{FAE04EC0-301F-11D3-BF4B-00C04F79EFBC}") = "Vierzehn_02", "Vierzehn_02\Vierzehn_02.csproj", "{25BAF80C-77C0-4EFA-93BE-A37438D38AB5}"
EndProject
Global
	GlobalSection(SolutionConfigurationPlatforms) = preSolution
		Debug|Any CPU = Debug|Any CPU
		Release|Any CPU = Release|Any CPU
	EndGlobalSection
	GlobalSection(ProjectConfigurationPlatforms) = postSolution
		{25BAF80C-77C0-4EFA-93BE-A37438D38AB5}.Debug|Any CPU.ActiveCfg = Debug|Any CPU
		{25BAF80C-77C0-4EFA-93BE-A37438D38AB5}.Debug|Any CPU.Build.0 = Debug|Any CPU
		{25BAF80C-77C0-4EFA-93BE-A37438D38AB5}.Release|Any CPU.ActiveCfg = Release|Any CPU
		{25BAF80C-77C0-4EFA-93BE-A37438D38AB5}.Release|Any CPU.Build.0 = Release|Any CPU
	EndGlobalSection
	GlobalSection(SolutionProperties) = preSolution
		HideSolutionNode = FALSE
	EndGlobalSection
	GlobalSection(ExtensibilityGlobals) = postSolution
		SolutionGuid = {6E951C29-4606-430B-A937-D5E8F42CFA1B}
	EndGlobalSection
EndGlobal
